
Microsoft Visual Studio Solution File, Format Version 12.00
# Visual Studio Version 17
VisualStudioVersion = 17.7.34202.233
MinimumVisualStudioVersion = 10.0.40219.1
Project("{8BC9CEB8-8B4A-11D0-8D11-00A0C91BC942}") = "cercaPrimo", "cercaPrimo.vcxproj", "{E31606A3-98EC-410A-8542-5A6F29FE7AD4}"
EndProject
Global
	GlobalSection(SolutionConfigurationPlatforms) = preSolution
		Debug|x64 = Debug|x64
		Debug|x86 = Debug|x86
		Release|x64 = Release|x64
		Release|x86 = Release|x86
	EndGlobalSection
	GlobalSection(ProjectConfigurationPlatforms) = postSolution
		{E31606A3-98EC-410A-8542-5A6F29FE7AD4}.Debug|x64.ActiveCfg = Debug|x64
		{E31606A3-98EC-410A-8542-5A6F29FE7AD4}.Debug|x64.Build.0 = Debug|x64
		{E31606A3-98EC-410A-8542-5A6F29FE7AD4}.Debug|x86.ActiveCfg = Debug|Win32
		{E31606A3-98EC-410A-8542-5A6F29FE7AD4}.Debug|x86.Build.0 = Debug|Win32
		{E31606A3-98EC-410A-8542-5A6F29FE7AD4}.Release|x64.ActiveCfg = Release|x64
		{E31606A3-98EC-410A-8542-5A6F29FE7AD4}.Release|x64.Build.0 = Release|x64
		{E31606A3-98EC-410A-8542-5A6F29FE7AD4}.Release|x86.ActiveCfg = Release|Win32
		{E31606A3-98EC-410A-8542-5A6F29FE7AD4}.Release|x86.Build.0 = Release|Win32
	EndGlobalSection
	GlobalSection(SolutionProperties) = preSolution
		HideSolutionNode = FALSE
	EndGlobalSection
	GlobalSection(ExtensibilityGlobals) = postSolution
		SolutionGuid = {D7A4CD44-BEC5-40E2-8408-EC37D5B11B3A}
	EndGlobalSection
EndGlobal
