
Microsoft Visual Studio Solution File, Format Version 12.00
# Visual Studio Version 17
VisualStudioVersion = 17.7.34221.43
MinimumVisualStudioVersion = 10.0.40219.1
Project("{8BC9CEB8-8B4A-11D0-8D11-00A0C91BC942}") = "Normalizza matrice", "Normalizza matrice.vcxproj", "{71306A39-1657-4927-A005-0F5C1231DDE7}"
EndProject
Global
	GlobalSection(SolutionConfigurationPlatforms) = preSolution
		Debug|x64 = Debug|x64
		Debug|x86 = Debug|x86
		Release|x64 = Release|x64
		Release|x86 = Release|x86
	EndGlobalSection
	GlobalSection(ProjectConfigurationPlatforms) = postSolution
		{71306A39-1657-4927-A005-0F5C1231DDE7}.Debug|x64.ActiveCfg = Debug|x64
		{71306A39-1657-4927-A005-0F5C1231DDE7}.Debug|x64.Build.0 = Debug|x64
		{71306A39-1657-4927-A005-0F5C1231DDE7}.Debug|x86.ActiveCfg = Debug|Win32
		{71306A39-1657-4927-A005-0F5C1231DDE7}.Debug|x86.Build.0 = Debug|Win32
		{71306A39-1657-4927-A005-0F5C1231DDE7}.Release|x64.ActiveCfg = Release|x64
		{71306A39-1657-4927-A005-0F5C1231DDE7}.Release|x64.Build.0 = Release|x64
		{71306A39-1657-4927-A005-0F5C1231DDE7}.Release|x86.ActiveCfg = Release|Win32
		{71306A39-1657-4927-A005-0F5C1231DDE7}.Release|x86.Build.0 = Release|Win32
	EndGlobalSection
	GlobalSection(SolutionProperties) = preSolution
		HideSolutionNode = FALSE
	EndGlobalSection
	GlobalSection(ExtensibilityGlobals) = postSolution
		SolutionGuid = {174A9EE7-5FD0-435E-B042-2553F7461A55}
	EndGlobalSection
EndGlobal
